
Microsoft Visual Studio Solution File, Format Version 12.00
# Visual Studio 2013
VisualStudioVersion = 12.0.31101.0
Project("{FAE04EC0-301F-11D3-BF4B-00C04F79EFBC}") = "User Reader", "User Reader\User Reader.csproj", "{9C60BB72-84EB-4D53-BB06-314E533E6C83}"
EndProject
Project("{FAE04EC0-301F-11D3-BF4B-00C04F79EFBC}") = "Try Parse Bool", "Try Parse Bool\Try Parse Bool.csproj", "{AC9AAFA1-C1B6-4FA7-8C26-09B8BA5B4054}"
EndProject
Project("{FAE04EC0-301F-11D3-BF4B-00C04F79EFBC}") = "Arrays", "Arrays\Arrays.csproj", "{B47143CF-A42C-41B0-97DD-EA769101D1CC}"
EndProject
Project("{FAE04EC0-301F-11D3-BF4B-00C04F79EFBC}") = "Exceptions", "Exceptions\Exceptions.csproj", "{97335E7C-D277-4B50-8B5D-EF72A5214849}"
EndProject
Global
	GlobalSection(SolutionConfigurationPlatforms) = preSolution
		Debug|Any CPU = Debug|Any CPU
		Release|Any CPU = Release|Any CPU
	EndGlobalSection
	GlobalSection(ProjectConfigurationPlatforms) = postSolution
		{9C60BB72-84EB-4D53-BB06-314E533E6C83}.Debug|Any CPU.ActiveCfg = Debug|Any CPU
		{9C60BB72-84EB-4D53-BB06-314E533E6C83}.Debug|Any CPU.Build.0 = Debug|Any CPU
		{9C60BB72-84EB-4D53-BB06-314E533E6C83}.Release|Any CPU.ActiveCfg = Release|Any CPU
		{9C60BB72-84EB-4D53-BB06-314E533E6C83}.Release|Any CPU.Build.0 = Release|Any CPU
		{AC9AAFA1-C1B6-4FA7-8C26-09B8BA5B4054}.Debug|Any CPU.ActiveCfg = Debug|Any CPU
		{AC9AAFA1-C1B6-4FA7-8C26-09B8BA5B4054}.Debug|Any CPU.Build.0 = Debug|Any CPU
		{AC9AAFA1-C1B6-4FA7-8C26-09B8BA5B4054}.Release|Any CPU.ActiveCfg = Release|Any CPU
		{AC9AAFA1-C1B6-4FA7-8C26-09B8BA5B4054}.Release|Any CPU.Build.0 = Release|Any CPU
		{B47143CF-A42C-41B0-97DD-EA769101D1CC}.Debug|Any CPU.ActiveCfg = Debug|Any CPU
		{B47143CF-A42C-41B0-97DD-EA769101D1CC}.Debug|Any CPU.Build.0 = Debug|Any CPU
		{B47143CF-A42C-41B0-97DD-EA769101D1CC}.Release|Any CPU.ActiveCfg = Release|Any CPU
		{B47143CF-A42C-41B0-97DD-EA769101D1CC}.Release|Any CPU.Build.0 = Release|Any CPU
		{97335E7C-D277-4B50-8B5D-EF72A5214849}.Debug|Any CPU.ActiveCfg = Debug|Any CPU
		{97335E7C-D277-4B50-8B5D-EF72A5214849}.Debug|Any CPU.Build.0 = Debug|Any CPU
		{97335E7C-D277-4B50-8B5D-EF72A5214849}.Release|Any CPU.ActiveCfg = Release|Any CPU
		{97335E7C-D277-4B50-8B5D-EF72A5214849}.Release|Any CPU.Build.0 = Release|Any CPU
	EndGlobalSection
	GlobalSection(SolutionProperties) = preSolution
		HideSolutionNode = FALSE
	EndGlobalSection
EndGlobal
